
Microsoft Visual Studio Solution File, Format Version 12.00
Project("{FAE04EC0-301F-11D3-BF4B-00C04F79EFBC}") = "SG.BLL", "SG.BLL\SG.BLL.csproj", "{B5C60DCF-6509-46BB-A00F-00C4E5E01E36}"
EndProject
Project("{FAE04EC0-301F-11D3-BF4B-00C04F79EFBC}") = "SG.Tests", "SG.Tests\SG.Tests.csproj", "{D1918419-AA60-416E-8495-1DFF47351041}"
EndProject
Project("{FAE04EC0-301F-11D3-BF4B-00C04F79EFBC}") = "SG.App", "SG.App\SG.App.csproj", "{5747E73F-3010-4CE6-B7D4-CBE1FDEA0AED}"
EndProject
Global
	GlobalSection(SolutionConfigurationPlatforms) = preSolution
		Debug|Any CPU = Debug|Any CPU
		Release|Any CPU = Release|Any CPU
	EndGlobalSection
	GlobalSection(ProjectConfigurationPlatforms) = postSolution
		{B5C60DCF-6509-46BB-A00F-00C4E5E01E36}.Debug|Any CPU.ActiveCfg = Debug|Any CPU
		{B5C60DCF-6509-46BB-A00F-00C4E5E01E36}.Debug|Any CPU.Build.0 = Debug|Any CPU
		{B5C60DCF-6509-46BB-A00F-00C4E5E01E36}.Release|Any CPU.ActiveCfg = Release|Any CPU
		{B5C60DCF-6509-46BB-A00F-00C4E5E01E36}.Release|Any CPU.Build.0 = Release|Any CPU
		{D1918419-AA60-416E-8495-1DFF47351041}.Debug|Any CPU.ActiveCfg = Debug|Any CPU
		{D1918419-AA60-416E-8495-1DFF47351041}.Debug|Any CPU.Build.0 = Debug|Any CPU
		{D1918419-AA60-416E-8495-1DFF47351041}.Release|Any CPU.ActiveCfg = Release|Any CPU
		{D1918419-AA60-416E-8495-1DFF47351041}.Release|Any CPU.Build.0 = Release|Any CPU
		{5747E73F-3010-4CE6-B7D4-CBE1FDEA0AED}.Debug|Any CPU.ActiveCfg = Debug|Any CPU
		{5747E73F-3010-4CE6-B7D4-CBE1FDEA0AED}.Debug|Any CPU.Build.0 = Debug|Any CPU
		{5747E73F-3010-4CE6-B7D4-CBE1FDEA0AED}.Release|Any CPU.ActiveCfg = Release|Any CPU
		{5747E73F-3010-4CE6-B7D4-CBE1FDEA0AED}.Release|Any CPU.Build.0 = Release|Any CPU
	EndGlobalSection
EndGlobal
